
Microsoft Visual Studio Solution File, Format Version 12.00
# Visual Studio Version 16
VisualStudioVersion = 16.0.30225.117
MinimumVisualStudioVersion = 10.0.40219.1
Project("{FAE04EC0-301F-11D3-BF4B-00C04F79EFBC}") = "JWTAuthentication_TokenBarer", "JWTAuthentication_TokenBarer.csproj", "{F4F759D0-7A7B-43FC-8C6D-7CAB3D6B3872}"
EndProject
Global
	GlobalSection(SolutionConfigurationPlatforms) = preSolution
		Debug|Any CPU = Debug|Any CPU
		Release|Any CPU = Release|Any CPU
	EndGlobalSection
	GlobalSection(ProjectConfigurationPlatforms) = postSolution
		{F4F759D0-7A7B-43FC-8C6D-7CAB3D6B3872}.Debug|Any CPU.ActiveCfg = Debug|Any CPU
		{F4F759D0-7A7B-43FC-8C6D-7CAB3D6B3872}.Debug|Any CPU.Build.0 = Debug|Any CPU
		{F4F759D0-7A7B-43FC-8C6D-7CAB3D6B3872}.Release|Any CPU.ActiveCfg = Release|Any CPU
		{F4F759D0-7A7B-43FC-8C6D-7CAB3D6B3872}.Release|Any CPU.Build.0 = Release|Any CPU
	EndGlobalSection
	GlobalSection(SolutionProperties) = preSolution
		HideSolutionNode = FALSE
	EndGlobalSection
	GlobalSection(ExtensibilityGlobals) = postSolution
		SolutionGuid = {6B87DBAB-704E-4833-9766-A246356EE03E}
	EndGlobalSection
EndGlobal
